version = 1
requires-python = ">=3.12"

[[package]]
name = "colorama"
version = "0.4.6"
source = { registry = "https://pypi.org/simple" }
sdist = { url = "https://files.pythonhosted.org/packages/d8/53/6f443c9a4a8358a93a6792e2acffb9d9d5cb0a5cfd8802644b7b1c9a02e4/colorama-0.4.6.tar.gz", hash = "sha256:08695f5cb7ed6e0531a20572697297273c47b8cae5a63ffc6d6ed5c201be6e44", size = 27697 }
wheels = [
    { url = "https://files.pythonhosted.org/packages/d1/d6/3965ed04c63042e047cb6a3e6ed1a63a35087b6a609aa3a15ed8ac56c221/colorama-0.4.6-py2.py3-none-any.whl", hash = "sha256:4f1d9991f5acc0ca119f9d443620b77f9d6b33703e51011c16baf57afb285fc6", size = 25335 },
]

[[package]]
name = "health-checks"
version = "0.1.0"
source = { editable = "." }
dependencies = [
    { name = "pyodbc" },
]

[package.dev-dependencies]
dev = [
    { name = "pytest" },
    { name = "ruff" },
]

[package.metadata]
requires-dist = [{ name = "pyodbc", specifier = ">=5.1.0" }]

[package.metadata.requires-dev]
dev = [
    { name = "pytest" },
    { name = "ruff" },
]

[[package]]
name = "iniconfig"
version = "2.0.0"
source = { registry = "https://pypi.org/simple" }
sdist = { url = "https://files.pythonhosted.org/packages/d7/4b/cbd8e699e64a6f16ca3a8220661b5f83792b3017d0f79807cb8708d33913/iniconfig-2.0.0.tar.gz", hash = "sha256:2d91e135bf72d31a410b17c16da610a82cb55f6b0477d1a902134b24a455b8b3", size = 4646 }
wheels = [
    { url = "https://files.pythonhosted.org/packages/ef/a6/62565a6e1cf69e10f5727360368e451d4b7f58beeac6173dc9db836a5b46/iniconfig-2.0.0-py3-none-any.whl", hash = "sha256:b6a85871a79d2e3b22d2d1b94ac2824226a63c6b741c88f7ae975f18b6778374", size = 5892 },
]

[[package]]
name = "packaging"
version = "24.1"
source = { registry = "https://pypi.org/simple" }
sdist = { url = "https://files.pythonhosted.org/packages/51/65/50db4dda066951078f0a96cf12f4b9ada6e4b811516bf0262c0f4f7064d4/packaging-24.1.tar.gz", hash = "sha256:026ed72c8ed3fcce5bf8950572258698927fd1dbda10a5e981cdf0ac37f4f002", size = 148788 }
wheels = [
    { url = "https://files.pythonhosted.org/packages/08/aa/cc0199a5f0ad350994d660967a8efb233fe0416e4639146c089643407ce6/packaging-24.1-py3-none-any.whl", hash = "sha256:5b8f2217dbdbd2f7f384c41c628544e6d52f2d0f53c6d0c3ea61aa5d1d7ff124", size = 53985 },
]

[[package]]
name = "pluggy"
version = "1.5.0"
source = { registry = "https://pypi.org/simple" }
sdist = { url = "https://files.pythonhosted.org/packages/96/2d/02d4312c973c6050a18b314a5ad0b3210edb65a906f868e31c111dede4a6/pluggy-1.5.0.tar.gz", hash = "sha256:2cffa88e94fdc978c4c574f15f9e59b7f4201d439195c3715ca9e2486f1d0cf1", size = 67955 }
wheels = [
    { url = "https://files.pythonhosted.org/packages/88/5f/e351af9a41f866ac3f1fac4ca0613908d9a41741cfcf2228f4ad853b697d/pluggy-1.5.0-py3-none-any.whl", hash = "sha256:44e1ad92c8ca002de6377e165f3e0f1be63266ab4d554740532335b9d75ea669", size = 20556 },
]

[[package]]
name = "pyodbc"
version = "5.1.0"
source = { registry = "https://pypi.org/simple" }
sdist = { url = "https://files.pythonhosted.org/packages/d5/5b/a93f7017d4df84c3971cf60ee935149f12e0d1e111febc67ba2e23015a79/pyodbc-5.1.0.tar.gz", hash = "sha256:397feee44561a6580be08cedbe986436859563f4bb378f48224655c8e987ea60", size = 115450 }
wheels = [
    { url = "https://files.pythonhosted.org/packages/ad/ca/a95dffabbd52b1fbdde7e54c2995a88df60a40a538cc257c57e0ca2a9a03/pyodbc-5.1.0-cp312-cp312-macosx_10_9_x86_64.whl", hash = "sha256:d3d9cc4af703c4817b6e604315910b0cf5dcb68056d52b25ca072dd59c52dcbc", size = 73192 },
    { url = "https://files.pythonhosted.org/packages/04/0e/3948f989f0f9c123885848a7e931775d1730a1a0263b04531693bfa51650/pyodbc-5.1.0-cp312-cp312-macosx_11_0_arm64.whl", hash = "sha256:406b8fa2133a7b6a713aa5187dba2d08cf763b5884606bed77610a7660fdfabe", size = 72227 },
    { url = "https://files.pythonhosted.org/packages/81/65/555af79473f9b5ce70d826303487bc62842f1607b254fc46f12d204a1718/pyodbc-5.1.0-cp312-cp312-manylinux_2_17_aarch64.manylinux2014_aarch64.whl", hash = "sha256:f8488c3818f12207650836c5c6f7352f9ff9f56a05a05512145995e497c0bbb1", size = 347181 },
    { url = "https://files.pythonhosted.org/packages/db/41/08495c42ba0430ba74b039537426925cd71a7ff04d094a3a04eb8ca9febe/pyodbc-5.1.0-cp312-cp312-manylinux_2_17_x86_64.manylinux2014_x86_64.whl", hash = "sha256:b0df69e3a500791b70b5748c68a79483b24428e4c16027b56aa0305e95c143a4", size = 352977 },
    { url = "https://files.pythonhosted.org/packages/80/d7/c8563abacf048916bc763f090c7aa88198cfcf60f1faead5c92b66260c3b/pyodbc-5.1.0-cp312-cp312-win32.whl", hash = "sha256:aa4e02d3a9bf819394510b726b25f1566f8b3f0891ca400ad2d4c8b86b535b78", size = 62817 },
    { url = "https://files.pythonhosted.org/packages/71/6e/6b8ec142713bbb8e34da6b73cf281699904823e1a61f9a78b6cbda92301a/pyodbc-5.1.0-cp312-cp312-win_amd64.whl", hash = "sha256:33f4984af38872e7bdec78007a34e4d43ae72bf9d0bae3344e79d9d0db157c0e", size = 69259 },
]

[[package]]
name = "pytest"
version = "8.3.3"
source = { registry = "https://pypi.org/simple" }
dependencies = [
    { name = "colorama", marker = "sys_platform == 'win32'" },
    { name = "iniconfig" },
    { name = "packaging" },
    { name = "pluggy" },
]
sdist = { url = "https://files.pythonhosted.org/packages/8b/6c/62bbd536103af674e227c41a8f3dcd022d591f6eed5facb5a0f31ee33bbc/pytest-8.3.3.tar.gz", hash = "sha256:70b98107bd648308a7952b06e6ca9a50bc660be218d53c257cc1fc94fda10181", size = 1442487 }
wheels = [
    { url = "https://files.pythonhosted.org/packages/6b/77/7440a06a8ead44c7757a64362dd22df5760f9b12dc5f11b6188cd2fc27a0/pytest-8.3.3-py3-none-any.whl", hash = "sha256:a6853c7375b2663155079443d2e45de913a911a11d669df02a50814944db57b2", size = 342341 },
]

[[package]]
name = "ruff"
version = "0.6.6"
source = { registry = "https://pypi.org/simple" }
sdist = { url = "https://files.pythonhosted.org/packages/70/47/8220a40d1e60042d3a3a1cdf81cbafe674475cf8d60db2e28d0e4e004069/ruff-0.6.6.tar.gz", hash = "sha256:0fc030b6fd14814d69ac0196396f6761921bd20831725c7361e1b8100b818034", size = 3070828 }
wheels = [
    { url = "https://files.pythonhosted.org/packages/25/34/a34080926faed8ee41a4faf34e5993e367cd414cec543301113b0930f640/ruff-0.6.6-py3-none-linux_armv6l.whl", hash = "sha256:f5bc5398457484fc0374425b43b030e4668ed4d2da8ee7fdda0e926c9f11ccfb", size = 11353484 },
    { url = "https://files.pythonhosted.org/packages/22/ad/9c0b2fae42bfb54b91161b29b6b73bf73bfe7ddc03d5d3d0b4884a49df95/ruff-0.6.6-py3-none-macosx_10_12_x86_64.whl", hash = "sha256:515a698254c9c47bb84335281a170213b3ee5eb47feebe903e1be10087a167ce", size = 11011998 },
    { url = "https://files.pythonhosted.org/packages/93/69/e406b534cbe2f4b992de0f4a8f9a790e4b93a3f5ca56f151e2665db95625/ruff-0.6.6-py3-none-macosx_11_0_arm64.whl", hash = "sha256:6bb1b4995775f1837ab70f26698dd73852bbb82e8f70b175d2713c0354fe9182", size = 10524580 },
    { url = "https://files.pythonhosted.org/packages/26/5b/2e6fd424d78bd942dbf51f4a29512d5e698bfd9cad1245ad50ea679d5aa8/ruff-0.6.6-py3-none-manylinux_2_17_aarch64.manylinux2014_aarch64.whl", hash = "sha256:69c546f412dfae8bb9cc4f27f0e45cdd554e42fecbb34f03312b93368e1cd0a6", size = 11652644 },
    { url = "https://files.pythonhosted.org/packages/05/73/e6eab18071ac908135bcc9873c0bde240cffd8d5cfcfef8efa00eae186e4/ruff-0.6.6-py3-none-manylinux_2_17_armv7l.manylinux2014_armv7l.whl", hash = "sha256:59627e97364329e4eae7d86fa7980c10e2b129e2293d25c478ebcb861b3e3fd6", size = 11096545 },
    { url = "https://files.pythonhosted.org/packages/63/64/e8da4e45174067e584f4d1105a160e018d8148158da7275a52f6090bd4bc/ruff-0.6.6-py3-none-manylinux_2_17_i686.manylinux2014_i686.whl", hash = "sha256:94c3f78c3d32190aafbb6bc5410c96cfed0a88aadb49c3f852bbc2aa9783a7d8", size = 12005773 },
    { url = "https://files.pythonhosted.org/packages/2b/71/57fb76dc5a93cfa2c7d2a848d0c103e493c6553db3cbf30d642da522ee38/ruff-0.6.6-py3-none-manylinux_2_17_ppc64.manylinux2014_ppc64.whl", hash = "sha256:704da526c1e137f38c8a067a4a975fe6834b9f8ba7dbc5fd7503d58148851b8f", size = 12758296 },
    { url = "https://files.pythonhosted.org/packages/5a/85/583c969d1b6725aefeef2eb45e88e8ea55c30e017be8e158c322ee8bea56/ruff-0.6.6-py3-none-manylinux_2_17_ppc64le.manylinux2014_ppc64le.whl", hash = "sha256:efeede5815a24104579a0f6320660536c5ffc1c91ae94f8c65659af915fb9de9", size = 12295191 },
    { url = "https://files.pythonhosted.org/packages/a6/eb/7496d2de40818ea32c0ffb75aff405b9de7dda079bcdd45952eb17216e37/ruff-0.6.6-py3-none-manylinux_2_17_s390x.manylinux2014_s390x.whl", hash = "sha256:e368aef0cc02ca3593eae2fb8186b81c9c2b3f39acaaa1108eb6b4d04617e61f", size = 13402527 },
    { url = "https://files.pythonhosted.org/packages/71/27/873696e146821535c84ad2a8dc488fe78298cd0fd1a0d24a946991363b50/ruff-0.6.6-py3-none-manylinux_2_17_x86_64.manylinux2014_x86_64.whl", hash = "sha256:2653fc3b2a9315bd809725c88dd2446550099728d077a04191febb5ea79a4f79", size = 11872520 },
    { url = "https://files.pythonhosted.org/packages/fd/88/6da14ef37b88c42191246a217c58e1d5f0a83db9748e018e94ad05936466/ruff-0.6.6-py3-none-musllinux_1_2_aarch64.whl", hash = "sha256:bb858cd9ce2d062503337c5b9784d7b583bcf9d1a43c4df6ccb5eab774fbafcb", size = 11683880 },
    { url = "https://files.pythonhosted.org/packages/37/a3/8b9650748f72552e83f11f1d16786a24346128f4460d5b6945ed1f651901/ruff-0.6.6-py3-none-musllinux_1_2_armv7l.whl", hash = "sha256:488f8e15c01ea9afb8c0ba35d55bd951f484d0c1b7c5fd746ce3c47ccdedce68", size = 11186349 },
    { url = "https://files.pythonhosted.org/packages/ba/92/49523f745cf2330de1347110048cfd453de9486bef5498360595b6627074/ruff-0.6.6-py3-none-musllinux_1_2_i686.whl", hash = "sha256:aefb0bd15f1cfa4c9c227b6120573bb3d6c4ee3b29fb54a5ad58f03859bc43c6", size = 11555881 },
    { url = "https://files.pythonhosted.org/packages/99/cc/cd9ca48cb0b9b1b52710dd2f1e30c347f6cee5c455b53368665d274bfcd4/ruff-0.6.6-py3-none-musllinux_1_2_x86_64.whl", hash = "sha256:a4c0698cc780bcb2c61496cbd56b6a3ac0ad858c966652f7dbf4ceb029252fbe", size = 11956426 },
    { url = "https://files.pythonhosted.org/packages/9d/a2/35c45a784d86daf6dab1510cbb5e572bee33b5c035e6f8e78f510c393acf/ruff-0.6.6-py3-none-win32.whl", hash = "sha256:aadf81ddc8ab5b62da7aae78a91ec933cbae9f8f1663ec0325dae2c364e4ad84", size = 9263539 },
    { url = "https://files.pythonhosted.org/packages/4a/87/c2a6fa6d1ec73a0f8b0713d69a29f8cdc17b251cd0e0ca3a96a78246ddce/ruff-0.6.6-py3-none-win_amd64.whl", hash = "sha256:0adb801771bc1f1b8cf4e0a6fdc30776e7c1894810ff3b344e50da82ef50eeb1", size = 10114810 },
    { url = "https://files.pythonhosted.org/packages/aa/b3/bfe8725d1c38addc86a2b5674ba4e3fd8ab3edb320dcd3f815b227b78b84/ruff-0.6.6-py3-none-win_arm64.whl", hash = "sha256:4b4d32c137bc781c298964dd4e52f07d6f7d57c03eae97a72d97856844aa510a", size = 9485847 },
]
